
Microsoft Visual Studio Solution File, Format Version 12.00
# Visual Studio Version 16
VisualStudioVersion = 16.0.29613.14
MinimumVisualStudioVersion = 10.0.40219.1
Project("{9A19103F-16F7-4668-BE54-9A1E7A4F7556}") = "ClassBioInfo", "ClassBioInfo\ClassBioInfo.csproj", "{F2B315DC-3F6E-4DC5-881F-2B7B88C645D6}"
EndProject
Project("{9A19103F-16F7-4668-BE54-9A1E7A4F7556}") = "TestBioInfo", "TestBioInfo\TestBioInfo.csproj", "{3F218B67-01A4-44ED-B8CA-91C2CD425932}"
EndProject
Project("{FAE04EC0-301F-11D3-BF4B-00C04F79EFBC}") = "ProvaBioInformatica", "ProvaBioInformatica\ProvaBioInformatica.csproj", "{3A7D9988-CF18-4A00-9D4F-9A8BFD18691E}"
EndProject
Global
	GlobalSection(SolutionConfigurationPlatforms) = preSolution
		Debug|Any CPU = Debug|Any CPU
		Release|Any CPU = Release|Any CPU
	EndGlobalSection
	GlobalSection(ProjectConfigurationPlatforms) = postSolution
		{F2B315DC-3F6E-4DC5-881F-2B7B88C645D6}.Debug|Any CPU.ActiveCfg = Debug|Any CPU
		{F2B315DC-3F6E-4DC5-881F-2B7B88C645D6}.Debug|Any CPU.Build.0 = Debug|Any CPU
		{F2B315DC-3F6E-4DC5-881F-2B7B88C645D6}.Release|Any CPU.ActiveCfg = Release|Any CPU
		{F2B315DC-3F6E-4DC5-881F-2B7B88C645D6}.Release|Any CPU.Build.0 = Release|Any CPU
		{3F218B67-01A4-44ED-B8CA-91C2CD425932}.Debug|Any CPU.ActiveCfg = Debug|Any CPU
		{3F218B67-01A4-44ED-B8CA-91C2CD425932}.Debug|Any CPU.Build.0 = Debug|Any CPU
		{3F218B67-01A4-44ED-B8CA-91C2CD425932}.Release|Any CPU.ActiveCfg = Release|Any CPU
		{3F218B67-01A4-44ED-B8CA-91C2CD425932}.Release|Any CPU.Build.0 = Release|Any CPU
		{3A7D9988-CF18-4A00-9D4F-9A8BFD18691E}.Debug|Any CPU.ActiveCfg = Debug|Any CPU
		{3A7D9988-CF18-4A00-9D4F-9A8BFD18691E}.Debug|Any CPU.Build.0 = Debug|Any CPU
		{3A7D9988-CF18-4A00-9D4F-9A8BFD18691E}.Release|Any CPU.ActiveCfg = Release|Any CPU
		{3A7D9988-CF18-4A00-9D4F-9A8BFD18691E}.Release|Any CPU.Build.0 = Release|Any CPU
	EndGlobalSection
	GlobalSection(SolutionProperties) = preSolution
		HideSolutionNode = FALSE
	EndGlobalSection
	GlobalSection(ExtensibilityGlobals) = postSolution
		SolutionGuid = {F16CA43E-6119-44FE-B460-0A9523198604}
	EndGlobalSection
EndGlobal
