
Microsoft Visual Studio Solution File, Format Version 12.00
# Visual Studio Version 16
VisualStudioVersion = 16.0.29613.14
MinimumVisualStudioVersion = 10.0.40219.1
Project("{FAE04EC0-301F-11D3-BF4B-00C04F79EFBC}") = "ClassBioInfo", "ClassBioInfo\ClassBioInfo.csproj", "{F2B315DC-3F6E-4DC5-881F-2B7B88C645D6}"
EndProject
Project("{FAE04EC0-301F-11D3-BF4B-00C04F79EFBC}") = "TestBioInfo", "TestBioInfo\TestBioInfo.csproj", "{5C435FF5-2578-4BCA-B903-E3E00EB32556}"
EndProject
Project("{FAE04EC0-301F-11D3-BF4B-00C04F79EFBC}") = "Prova", "Prova\Prova.csproj", "{A5008704-A7E6-4C42-8592-D1BCF5005440}"
EndProject
Global
	GlobalSection(SolutionConfigurationPlatforms) = preSolution
		Debug|Any CPU = Debug|Any CPU
		Release|Any CPU = Release|Any CPU
	EndGlobalSection
	GlobalSection(ProjectConfigurationPlatforms) = postSolution
		{F2B315DC-3F6E-4DC5-881F-2B7B88C645D6}.Debug|Any CPU.ActiveCfg = Debug|Any CPU
		{F2B315DC-3F6E-4DC5-881F-2B7B88C645D6}.Debug|Any CPU.Build.0 = Debug|Any CPU
		{F2B315DC-3F6E-4DC5-881F-2B7B88C645D6}.Release|Any CPU.ActiveCfg = Release|Any CPU
		{F2B315DC-3F6E-4DC5-881F-2B7B88C645D6}.Release|Any CPU.Build.0 = Release|Any CPU
		{5C435FF5-2578-4BCA-B903-E3E00EB32556}.Debug|Any CPU.ActiveCfg = Debug|Any CPU
		{5C435FF5-2578-4BCA-B903-E3E00EB32556}.Debug|Any CPU.Build.0 = Debug|Any CPU
		{5C435FF5-2578-4BCA-B903-E3E00EB32556}.Release|Any CPU.ActiveCfg = Release|Any CPU
		{5C435FF5-2578-4BCA-B903-E3E00EB32556}.Release|Any CPU.Build.0 = Release|Any CPU
		{A5008704-A7E6-4C42-8592-D1BCF5005440}.Debug|Any CPU.ActiveCfg = Debug|Any CPU
		{A5008704-A7E6-4C42-8592-D1BCF5005440}.Debug|Any CPU.Build.0 = Debug|Any CPU
		{A5008704-A7E6-4C42-8592-D1BCF5005440}.Release|Any CPU.ActiveCfg = Release|Any CPU
		{A5008704-A7E6-4C42-8592-D1BCF5005440}.Release|Any CPU.Build.0 = Release|Any CPU
	EndGlobalSection
	GlobalSection(SolutionProperties) = preSolution
		HideSolutionNode = FALSE
	EndGlobalSection
	GlobalSection(ExtensibilityGlobals) = postSolution
		SolutionGuid = {F16CA43E-6119-44FE-B460-0A9523198604}
	EndGlobalSection
EndGlobal
